// !$*UTF8*$!
{
	archiveVersion = 1;
	classes = {
	};
	objectVersion = 46;
	objects = {

/* Begin PBXBuildFile section */
		46751070275E11E1E2BE29EB /* Pods_Rainbow.framework in Frameworks */ = {isa = PBXBuildFile; fileRef = 88532149B5702DCAD8363274 /* Pods_Rainbow.framework */; };
		5A8B20645FBAA0E375E45B65 /* Assets.xcassets in Resources */ = {isa = PBXBuildFile; fileRef = 5A8B2A0562786960BAED3AD3 /* Assets.xcassets */; };
		5A8B20FDEBA646DCAEAB1460 /* RainbowModule.swift in Sources */ = {isa = PBXBuildFile; fileRef = 5A8B2C5C724E308F39B1FBF1 /* RainbowModule.swift */; };
		5A8B2203A543346A7EDC8C02 /* Rainbow.swift in Sources */ = {isa = PBXBuildFile; fileRef = 5A8B28C36DAB1FA8482184AA /* Rainbow.swift */; };
		5A8B22D7E934B66F1F0E9C1E /* RainbowRouteProtocol.swift in Sources */ = {isa = PBXBuildFile; fileRef = 5A8B2896A1042D116AC8D094 /* RainbowRouteProtocol.swift */; };
		5A8B26C1D13BA4AC72B7762B /* SceneDelegate.swift in Sources */ = {isa = PBXBuildFile; fileRef = 5A8B2B6EC52C1743BC8E6E60 /* SceneDelegate.swift */; };
		5A8B27D6956900276C83B81C /* Main.storyboard in Resources */ = {isa = PBXBuildFile; fileRef = 5A8B21E716B6AD7016506534 /* Main.storyboard */; };
		5A8B27FE79631E68E9139D86 /* AppDelegate.swift in Sources */ = {isa = PBXBuildFile; fileRef = 5A8B2AD8D9E586ED85354543 /* AppDelegate.swift */; };
		5A8B29965F84002725A6FC67 /* Rainbow.podspec in Resources */ = {isa = PBXBuildFile; fileRef = 5A8B2C4ACA5CB82007E893AB /* Rainbow.podspec */; };
		5A8B2A5A5039B215EE9316FE /* ViewController.swift in Sources */ = {isa = PBXBuildFile; fileRef = 5A8B2171B423D1FD4708626C /* ViewController.swift */; };
		5A8B2BB0F91226DF82811B3D /* RainbowModulePlugin.swift in Sources */ = {isa = PBXBuildFile; fileRef = 5A8B2D86D9856EF7E5E5A96A /* RainbowModulePlugin.swift */; };
		5A8B2CB21C1417EA7ABD7A59 /* RainbowLifecycle.swift in Sources */ = {isa = PBXBuildFile; fileRef = 5A8B284FAB04BA7AFA1A6D6B /* RainbowLifecycle.swift */; };
		5A8B2E0A5E6025A64210E505 /* LaunchScreen.storyboard in Resources */ = {isa = PBXBuildFile; fileRef = 5A8B2F2E1F8EACCC6D9D4B54 /* LaunchScreen.storyboard */; };
/* End PBXBuildFile section */

/* Begin PBXFileReference section */
		5A8B2171B423D1FD4708626C /* ViewController.swift */ = {isa = PBXFileReference; lastKnownFileType = sourcecode.swift; path = ViewController.swift; sourceTree = "<group>"; };
		5A8B284FAB04BA7AFA1A6D6B /* RainbowLifecycle.swift */ = {isa = PBXFileReference; fileEncoding = 4; lastKnownFileType = sourcecode.swift; path = RainbowLifecycle.swift; sourceTree = "<group>"; };
		5A8B2869E5DBBBC142A88595 /* Base */ = {isa = PBXFileReference; lastKnownFileType = file.storyboard; name = Base; path = Base.lproj/LaunchScreen.storyboard; sourceTree = "<group>"; };
		5A8B2892AC09C4F5E0D00736 /* Base */ = {isa = PBXFileReference; lastKnownFileType = file.storyboard; name = Base; path = Base.lproj/Main.storyboard; sourceTree = "<group>"; };
		5A8B2896A1042D116AC8D094 /* RainbowRouteProtocol.swift */ = {isa = PBXFileReference; fileEncoding = 4; lastKnownFileType = sourcecode.swift; path = RainbowRouteProtocol.swift; sourceTree = "<group>"; };
		5A8B28C36DAB1FA8482184AA /* Rainbow.swift */ = {isa = PBXFileReference; fileEncoding = 4; lastKnownFileType = sourcecode.swift; path = Rainbow.swift; sourceTree = "<group>"; };
		5A8B28EDC578AB8FCF616209 /* Rainbow.app */ = {isa = PBXFileReference; explicitFileType = wrapper.application; includeInIndex = 0; path = Rainbow.app; sourceTree = BUILT_PRODUCTS_DIR; };
		5A8B2A0562786960BAED3AD3 /* Assets.xcassets */ = {isa = PBXFileReference; lastKnownFileType = folder.assetcatalog; path = Assets.xcassets; sourceTree = "<group>"; };
		5A8B2ACDB0DBF1314CEBD2EE /* Info.plist */ = {isa = PBXFileReference; lastKnownFileType = text.plist.info; path = Info.plist; sourceTree = "<group>"; };
		5A8B2AD8D9E586ED85354543 /* AppDelegate.swift */ = {isa = PBXFileReference; lastKnownFileType = sourcecode.swift; path = AppDelegate.swift; sourceTree = "<group>"; };
		5A8B2B6EC52C1743BC8E6E60 /* SceneDelegate.swift */ = {isa = PBXFileReference; lastKnownFileType = sourcecode.swift; path = SceneDelegate.swift; sourceTree = "<group>"; };
		5A8B2C4ACA5CB82007E893AB /* Rainbow.podspec */ = {isa = PBXFileReference; lastKnownFileType = file.podspec; path = Rainbow.podspec; sourceTree = "<group>"; };
		5A8B2C5C724E308F39B1FBF1 /* RainbowModule.swift */ = {isa = PBXFileReference; fileEncoding = 4; lastKnownFileType = sourcecode.swift; path = RainbowModule.swift; sourceTree = "<group>"; };
		5A8B2D86D9856EF7E5E5A96A /* RainbowModulePlugin.swift */ = {isa = PBXFileReference; fileEncoding = 4; lastKnownFileType = sourcecode.swift; path = RainbowModulePlugin.swift; sourceTree = "<group>"; };
		82FAD0DD7A7DAE8B44BC4607 /* Pods-Rainbow.debug.xcconfig */ = {isa = PBXFileReference; includeInIndex = 1; lastKnownFileType = text.xcconfig; name = "Pods-Rainbow.debug.xcconfig"; path = "Target Support Files/Pods-Rainbow/Pods-Rainbow.debug.xcconfig"; sourceTree = "<group>"; };
		88532149B5702DCAD8363274 /* Pods_Rainbow.framework */ = {isa = PBXFileReference; explicitFileType = wrapper.framework; includeInIndex = 0; path = Pods_Rainbow.framework; sourceTree = BUILT_PRODUCTS_DIR; };
		F003DC5CA3CE94EAE5D07EC6 /* Pods-Rainbow.release.xcconfig */ = {isa = PBXFileReference; includeInIndex = 1; lastKnownFileType = text.xcconfig; name = "Pods-Rainbow.release.xcconfig"; path = "Target Support Files/Pods-Rainbow/Pods-Rainbow.release.xcconfig"; sourceTree = "<group>"; };
/* End PBXFileReference section */

/* Begin PBXFrameworksBuildPhase section */
		5A8B2434E15027236C2A8EE4 /* Frameworks */ = {
			isa = PBXFrameworksBuildPhase;
			buildActionMask = 2147483647;
			files = (
				46751070275E11E1E2BE29EB /* Pods_Rainbow.framework in Frameworks */,
			);
			runOnlyForDeploymentPostprocessing = 0;
		};
/* End PBXFrameworksBuildPhase section */

/* Begin PBXGroup section */
		5A8B2658525A4D2115902EFF /* Sources */ = {
			isa = PBXGroup;
			children = (
				5A8B28C36DAB1FA8482184AA /* Rainbow.swift */,
				5A8B2896A1042D116AC8D094 /* RainbowRouteProtocol.swift */,
				5A8B2D86D9856EF7E5E5A96A /* RainbowModulePlugin.swift */,
				5A8B2C5C724E308F39B1FBF1 /* RainbowModule.swift */,
				5A8B284FAB04BA7AFA1A6D6B /* RainbowLifecycle.swift */,
			);
			path = Sources;
			sourceTree = "<group>";
		};
		5A8B28D2B78B9AD1BCA9F252 /* Products */ = {
			isa = PBXGroup;
			children = (
				5A8B28EDC578AB8FCF616209 /* Rainbow.app */,
			);
			name = Products;
			sourceTree = "<group>";
		};
		5A8B2C958828D7744DA4B1E4 /* Rainbow */ = {
			isa = PBXGroup;
			children = (
				5A8B2A0562786960BAED3AD3 /* Assets.xcassets */,
				5A8B2AD8D9E586ED85354543 /* AppDelegate.swift */,
				5A8B2F2E1F8EACCC6D9D4B54 /* LaunchScreen.storyboard */,
				5A8B2ACDB0DBF1314CEBD2EE /* Info.plist */,
				5A8B2B6EC52C1743BC8E6E60 /* SceneDelegate.swift */,
				5A8B2171B423D1FD4708626C /* ViewController.swift */,
				5A8B21E716B6AD7016506534 /* Main.storyboard */,
				5A8B2658525A4D2115902EFF /* Sources */,
			);
			path = Rainbow;
			sourceTree = "<group>";
		};
		5A8B2D1A9E10C5A274B3D358 = {
			isa = PBXGroup;
			children = (
				5A8B28D2B78B9AD1BCA9F252 /* Products */,
				5A8B2C958828D7744DA4B1E4 /* Rainbow */,
				6FB79715C7277FE202589C15 /* Pods */,
				8655FFFC24B4FFDB98696012 /* Frameworks */,
				5A8B2C4ACA5CB82007E893AB /* Rainbow.podspec */,
			);
			sourceTree = "<group>";
		};
		6FB79715C7277FE202589C15 /* Pods */ = {
			isa = PBXGroup;
			children = (
				82FAD0DD7A7DAE8B44BC4607 /* Pods-Rainbow.debug.xcconfig */,
				F003DC5CA3CE94EAE5D07EC6 /* Pods-Rainbow.release.xcconfig */,
			);
			name = Pods;
			path = Pods;
			sourceTree = "<group>";
		};
		8655FFFC24B4FFDB98696012 /* Frameworks */ = {
			isa = PBXGroup;
			children = (
				88532149B5702DCAD8363274 /* Pods_Rainbow.framework */,
			);
			name = Frameworks;
			sourceTree = "<group>";
		};
/* End PBXGroup section */

/* Begin PBXNativeTarget section */
		5A8B2A9802C960B29C689C2F /* Rainbow */ = {
			isa = PBXNativeTarget;
			buildConfigurationList = 5A8B298D4DA002A740547778 /* Build configuration list for PBXNativeTarget "Rainbow" */;
			buildPhases = (
				AAFBFC99BE94411638E6B74D /* [CP] Check Pods Manifest.lock */,
				5A8B224D186F8098009EC5A1 /* Sources */,
				5A8B2434E15027236C2A8EE4 /* Frameworks */,
				5A8B2A92D7B8B97A04B24D96 /* Resources */,
			);
			buildRules = (
			);
			dependencies = (
			);
			name = Rainbow;
			productName = Rainbow;
			productReference = 5A8B28EDC578AB8FCF616209 /* Rainbow.app */;
			productType = "com.apple.product-type.application";
		};
/* End PBXNativeTarget section */

/* Begin PBXProject section */
		5A8B2777D169B0177BC41F0D /* Project object */ = {
			isa = PBXProject;
			buildConfigurationList = 5A8B232FCBE7CDBFCC77BDDA /* Build configuration list for PBXProject "Rainbow" */;
			compatibilityVersion = "Xcode 3.2";
			developmentRegion = English;
			hasScannedForEncodings = 0;
			knownRegions = (
				en,
			);
			mainGroup = 5A8B2D1A9E10C5A274B3D358;
			productRefGroup = 5A8B28D2B78B9AD1BCA9F252 /* Products */;
			projectDirPath = "";
			projectRoot = "";
			targets = (
				5A8B2A9802C960B29C689C2F /* Rainbow */,
			);
		};
/* End PBXProject section */

/* Begin PBXResourcesBuildPhase section */
		5A8B2A92D7B8B97A04B24D96 /* Resources */ = {
			isa = PBXResourcesBuildPhase;
			buildActionMask = 2147483647;
			files = (
				5A8B20645FBAA0E375E45B65 /* Assets.xcassets in Resources */,
				5A8B2E0A5E6025A64210E505 /* LaunchScreen.storyboard in Resources */,
				5A8B27D6956900276C83B81C /* Main.storyboard in Resources */,
				5A8B29965F84002725A6FC67 /* Rainbow.podspec in Resources */,
			);
			runOnlyForDeploymentPostprocessing = 0;
		};
/* End PBXResourcesBuildPhase section */

/* Begin PBXShellScriptBuildPhase section */
		AAFBFC99BE94411638E6B74D /* [CP] Check Pods Manifest.lock */ = {
			isa = PBXShellScriptBuildPhase;
			buildActionMask = 2147483647;
			files = (
			);
			inputFileListPaths = (
			);
			inputPaths = (
				"${PODS_PODFILE_DIR_PATH}/Podfile.lock",
				"${PODS_ROOT}/Manifest.lock",
			);
			name = "[CP] Check Pods Manifest.lock";
			outputFileListPaths = (
			);
			outputPaths = (
				"$(DERIVED_FILE_DIR)/Pods-Rainbow-checkManifestLockResult.txt",
			);
			runOnlyForDeploymentPostprocessing = 0;
			shellPath = /bin/sh;
			shellScript = "diff \"${PODS_PODFILE_DIR_PATH}/Podfile.lock\" \"${PODS_ROOT}/Manifest.lock\" > /dev/null\nif [ $? != 0 ] ; then\n    # print error to STDERR\n    echo \"error: The sandbox is not in sync with the Podfile.lock. Run 'pod install' or update your CocoaPods installation.\" >&2\n    exit 1\nfi\n# This output is used by Xcode 'outputs' to avoid re-running this script phase.\necho \"SUCCESS\" > \"${SCRIPT_OUTPUT_FILE_0}\"\n";
			showEnvVarsInLog = 0;
		};
/* End PBXShellScriptBuildPhase section */

/* Begin PBXSourcesBuildPhase section */
		5A8B224D186F8098009EC5A1 /* Sources */ = {
			isa = PBXSourcesBuildPhase;
			buildActionMask = 2147483647;
			files = (
				5A8B27FE79631E68E9139D86 /* AppDelegate.swift in Sources */,
				5A8B26C1D13BA4AC72B7762B /* SceneDelegate.swift in Sources */,
				5A8B2A5A5039B215EE9316FE /* ViewController.swift in Sources */,
				5A8B2203A543346A7EDC8C02 /* Rainbow.swift in Sources */,
				5A8B22D7E934B66F1F0E9C1E /* RainbowRouteProtocol.swift in Sources */,
				5A8B2BB0F91226DF82811B3D /* RainbowModulePlugin.swift in Sources */,
				5A8B20FDEBA646DCAEAB1460 /* RainbowModule.swift in Sources */,
				5A8B2CB21C1417EA7ABD7A59 /* RainbowLifecycle.swift in Sources */,
			);
			runOnlyForDeploymentPostprocessing = 0;
		};
/* End PBXSourcesBuildPhase section */

/* Begin PBXVariantGroup section */
		5A8B21E716B6AD7016506534 /* Main.storyboard */ = {
			isa = PBXVariantGroup;
			children = (
				5A8B2892AC09C4F5E0D00736 /* Base */,
			);
			name = Main.storyboard;
			sourceTree = "<group>";
		};
		5A8B2F2E1F8EACCC6D9D4B54 /* LaunchScreen.storyboard */ = {
			isa = PBXVariantGroup;
			children = (
				5A8B2869E5DBBBC142A88595 /* Base */,
			);
			name = LaunchScreen.storyboard;
			sourceTree = "<group>";
		};
/* End PBXVariantGroup section */

/* Begin XCBuildConfiguration section */
		5A8B23126DDCEA4411A6602F /* Debug */ = {
			isa = XCBuildConfiguration;
			buildSettings = {
				ALWAYS_SEARCH_USER_PATHS = NO;
				CLANG_ANALYZER_NONNULL = YES;
				CLANG_ANALYZER_NUMBER_OBJECT_CONVERSION = YES_AGGRESSIVE;
				CLANG_CXX_LANGUAGE_STANDARD = "gnu++17";
				CLANG_CXX_LIBRARY = "libc++";
				CLANG_ENABLE_MODULES = YES;
				CLANG_ENABLE_OBJC_ARC = YES;
				CLANG_ENABLE_OBJC_WEAK = YES;
				CLANG_WARN_BLOCK_CAPTURE_AUTORELEASING = YES;
				CLANG_WARN_BOOL_CONVERSION = YES;
				CLANG_WARN_COMMA = YES;
				CLANG_WARN_CONSTANT_CONVERSION = YES;
				CLANG_WARN_DEPRECATED_OBJC_IMPLEMENTATIONS = YES;
				CLANG_WARN_DIRECT_OBJC_ISA_USAGE = YES_ERROR;
				CLANG_WARN_DOCUMENTATION_COMMENTS = YES;
				CLANG_WARN_EMPTY_BODY = YES;
				CLANG_WARN_ENUM_CONVERSION = YES;
				CLANG_WARN_INFINITE_RECURSION = YES;
				CLANG_WARN_INT_CONVERSION = YES;
				CLANG_WARN_NON_LITERAL_NULL_CONVERSION = YES;
				CLANG_WARN_OBJC_IMPLICIT_RETAIN_SELF = YES;
				CLANG_WARN_OBJC_LITERAL_CONVERSION = YES;
				CLANG_WARN_OBJC_ROOT_CLASS = YES_ERROR;
				CLANG_WARN_QUOTED_INCLUDE_IN_FRAMEWORK_HEADER = YES;
				CLANG_WARN_RANGE_LOOP_ANALYSIS = YES;
				CLANG_WARN_STRICT_PROTOTYPES = YES;
				CLANG_WARN_SUSPICIOUS_MOVE = YES;
				CLANG_WARN_UNGUARDED_AVAILABILITY = YES_AGGRESSIVE;
				CLANG_WARN_UNREACHABLE_CODE = YES;
				CLANG_WARN__DUPLICATE_METHOD_MATCH = YES;
				COPY_PHASE_STRIP = NO;
				DEBUG_INFORMATION_FORMAT = dwarf;
				ENABLE_STRICT_OBJC_MSGSEND = YES;
				ENABLE_TESTABILITY = YES;
				GCC_C_LANGUAGE_STANDARD = gnu11;
				GCC_DYNAMIC_NO_PIC = NO;
				GCC_NO_COMMON_BLOCKS = YES;
				GCC_OPTIMIZATION_LEVEL = 0;
				GCC_PREPROCESSOR_DEFINITIONS = (
					"DEBUG=1",
					"$(inherited)",
				);
				GCC_WARN_64_TO_32_BIT_CONVERSION = YES;
				GCC_WARN_ABOUT_RETURN_TYPE = YES_ERROR;
				GCC_WARN_UNDECLARED_SELECTOR = YES;
				GCC_WARN_UNINITIALIZED_AUTOS = YES_AGGRESSIVE;
				GCC_WARN_UNUSED_FUNCTION = YES;
				GCC_WARN_UNUSED_VARIABLE = YES;
				IPHONEOS_DEPLOYMENT_TARGET = 15.0;
				MTL_ENABLE_DEBUG_INFO = INCLUDE_SOURCE;
				MTL_FAST_MATH = YES;
				ONLY_ACTIVE_ARCH = YES;
				SDKROOT = iphoneos;
				SWIFT_ACTIVE_COMPILATION_CONDITIONS = DEBUG;
				SWIFT_OPTIMIZATION_LEVEL = "-Onone";
			};
			name = Debug;
		};
		5A8B24E49C1EEAE88115D279 /* Debug */ = {
			isa = XCBuildConfiguration;
			baseConfigurationReference = 82FAD0DD7A7DAE8B44BC4607 /* Pods-Rainbow.debug.xcconfig */;
			buildSettings = {
				ASSETCATALOG_COMPILER_APPICON_NAME = AppIcon;
				ASSETCATALOG_COMPILER_GLOBAL_ACCENT_COLOR_NAME = AccentColor;
				CURRENT_PROJECT_VERSION = 1;
				GENERATE_INFOPLIST_FILE = YES;
				INFOPLIST_FILE = Rainbow/Info.plist;
				INFOPLIST_KEY_UIApplicationSupportsIndirectInputEvents = YES;
				INFOPLIST_KEY_UILaunchStoryboardName = LaunchScreen;
				INFOPLIST_KEY_UIMainStoryboardFile = Main;
				INFOPLIST_KEY_UISupportedInterfaceOrientations_iPad = "UIInterfaceOrientationPortrait UIInterfaceOrientationPortraitUpsideDown UIInterfaceOrientationLandscapeLeft UIInterfaceOrientationLandscapeRight";
				INFOPLIST_KEY_UISupportedInterfaceOrientations_iPhone = "UIInterfaceOrientationPortrait UIInterfaceOrientationLandscapeLeft UIInterfaceOrientationLandscapeRight";
				LD_RUNPATH_SEARCH_PATHS = "$(inherited) @executable_path/Frameworks";
				MARKETING_VERSION = 1.0;
				PRODUCT_BUNDLE_IDENTIFIER = com.appboot.kit.Rainbow;
				PRODUCT_NAME = "$(TARGET_NAME)";
				SWIFT_EMIT_LOC_STRINGS = YES;
				SWIFT_VERSION = 5.0;
				TARGETED_DEVICE_FAMILY = "1,2";
			};
			name = Debug;
		};
		5A8B2543727F17B9461DB03D /* Release */ = {
			isa = XCBuildConfiguration;
			baseConfigurationReference = F003DC5CA3CE94EAE5D07EC6 /* Pods-Rainbow.release.xcconfig */;
			buildSettings = {
				ASSETCATALOG_COMPILER_APPICON_NAME = AppIcon;
				ASSETCATALOG_COMPILER_GLOBAL_ACCENT_COLOR_NAME = AccentColor;
				CURRENT_PROJECT_VERSION = 1;
				GENERATE_INFOPLIST_FILE = YES;
				INFOPLIST_FILE = Rainbow/Info.plist;
				INFOPLIST_KEY_UIApplicationSupportsIndirectInputEvents = YES;
				INFOPLIST_KEY_UILaunchStoryboardName = LaunchScreen;
				INFOPLIST_KEY_UIMainStoryboardFile = Main;
				INFOPLIST_KEY_UISupportedInterfaceOrientations_iPad = "UIInterfaceOrientationPortrait UIInterfaceOrientationPortraitUpsideDown UIInterfaceOrientationLandscapeLeft UIInterfaceOrientationLandscapeRight";
				INFOPLIST_KEY_UISupportedInterfaceOrientations_iPhone = "UIInterfaceOrientationPortrait UIInterfaceOrientationLandscapeLeft UIInterfaceOrientationLandscapeRight";
				LD_RUNPATH_SEARCH_PATHS = "$(inherited) @executable_path/Frameworks";
				MARKETING_VERSION = 1.0;
				PRODUCT_BUNDLE_IDENTIFIER = com.appboot.kit.Rainbow;
				PRODUCT_NAME = "$(TARGET_NAME)";
				SWIFT_EMIT_LOC_STRINGS = YES;
				SWIFT_VERSION = 5.0;
				TARGETED_DEVICE_FAMILY = "1,2";
			};
			name = Release;
		};
		5A8B2F553BB7A305DB64DFD9 /* Release */ = {
			isa = XCBuildConfiguration;
			buildSettings = {
				ALWAYS_SEARCH_USER_PATHS = NO;
				CLANG_ANALYZER_NONNULL = YES;
				CLANG_ANALYZER_NUMBER_OBJECT_CONVERSION = YES_AGGRESSIVE;
				CLANG_CXX_LANGUAGE_STANDARD = "gnu++17";
				CLANG_CXX_LIBRARY = "libc++";
				CLANG_ENABLE_MODULES = YES;
				CLANG_ENABLE_OBJC_ARC = YES;
				CLANG_ENABLE_OBJC_WEAK = YES;
				CLANG_WARN_BLOCK_CAPTURE_AUTORELEASING = YES;
				CLANG_WARN_BOOL_CONVERSION = YES;
				CLANG_WARN_COMMA = YES;
				CLANG_WARN_CONSTANT_CONVERSION = YES;
				CLANG_WARN_DEPRECATED_OBJC_IMPLEMENTATIONS = YES;
				CLANG_WARN_DIRECT_OBJC_ISA_USAGE = YES_ERROR;
				CLANG_WARN_DOCUMENTATION_COMMENTS = YES;
				CLANG_WARN_EMPTY_BODY = YES;
				CLANG_WARN_ENUM_CONVERSION = YES;
				CLANG_WARN_INFINITE_RECURSION = YES;
				CLANG_WARN_INT_CONVERSION = YES;
				CLANG_WARN_NON_LITERAL_NULL_CONVERSION = YES;
				CLANG_WARN_OBJC_IMPLICIT_RETAIN_SELF = YES;
				CLANG_WARN_OBJC_LITERAL_CONVERSION = YES;
				CLANG_WARN_OBJC_ROOT_CLASS = YES_ERROR;
				CLANG_WARN_QUOTED_INCLUDE_IN_FRAMEWORK_HEADER = YES;
				CLANG_WARN_RANGE_LOOP_ANALYSIS = YES;
				CLANG_WARN_STRICT_PROTOTYPES = YES;
				CLANG_WARN_SUSPICIOUS_MOVE = YES;
				CLANG_WARN_UNGUARDED_AVAILABILITY = YES_AGGRESSIVE;
				CLANG_WARN_UNREACHABLE_CODE = YES;
				CLANG_WARN__DUPLICATE_METHOD_MATCH = YES;
				COPY_PHASE_STRIP = NO;
				DEBUG_INFORMATION_FORMAT = "dwarf-with-dsym";
				ENABLE_NS_ASSERTIONS = NO;
				ENABLE_STRICT_OBJC_MSGSEND = YES;
				GCC_C_LANGUAGE_STANDARD = gnu11;
				GCC_NO_COMMON_BLOCKS = YES;
				GCC_WARN_64_TO_32_BIT_CONVERSION = YES;
				GCC_WARN_ABOUT_RETURN_TYPE = YES_ERROR;
				GCC_WARN_UNDECLARED_SELECTOR = YES;
				GCC_WARN_UNINITIALIZED_AUTOS = YES_AGGRESSIVE;
				GCC_WARN_UNUSED_FUNCTION = YES;
				GCC_WARN_UNUSED_VARIABLE = YES;
				IPHONEOS_DEPLOYMENT_TARGET = 15.0;
				MTL_ENABLE_DEBUG_INFO = NO;
				MTL_FAST_MATH = YES;
				SDKROOT = iphoneos;
				SWIFT_COMPILATION_MODE = wholemodule;
				SWIFT_OPTIMIZATION_LEVEL = "-O";
				VALIDATE_PRODUCT = YES;
			};
			name = Release;
		};
/* End XCBuildConfiguration section */

/* Begin XCConfigurationList section */
		5A8B232FCBE7CDBFCC77BDDA /* Build configuration list for PBXProject "Rainbow" */ = {
			isa = XCConfigurationList;
			buildConfigurations = (
				5A8B23126DDCEA4411A6602F /* Debug */,
				5A8B2F553BB7A305DB64DFD9 /* Release */,
			);
			defaultConfigurationIsVisible = 0;
			defaultConfigurationName = Release;
		};
		5A8B298D4DA002A740547778 /* Build configuration list for PBXNativeTarget "Rainbow" */ = {
			isa = XCConfigurationList;
			buildConfigurations = (
				5A8B24E49C1EEAE88115D279 /* Debug */,
				5A8B2543727F17B9461DB03D /* Release */,
			);
			defaultConfigurationIsVisible = 0;
		};
/* End XCConfigurationList section */
	};
	rootObject = 5A8B2777D169B0177BC41F0D /* Project object */;
}
